
Microsoft Visual Studio Solution File, Format Version 12.00
# Visual Studio 14
VisualStudioVersion = 14.0.25420.1
MinimumVisualStudioVersion = 10.0.40219.1
Project("{FAE04EC0-301F-11D3-BF4B-00C04F79EFBC}") = "CodingIdeas.Core", "CodingIdeas.Core\CodingIdeas.Core.csproj", "{2D5D2F70-6BF2-4F46-8842-4D01717977AF}"
EndProject
Project("{FAE04EC0-301F-11D3-BF4B-00C04F79EFBC}") = "CodingIdeas.TestApp", "CodingIdeas.TestApp\CodingIdeas.TestApp.csproj", "{26DAC81C-8B9C-4F7F-A0BC-3454B18D7508}"
EndProject
Global
	GlobalSection(SolutionConfigurationPlatforms) = preSolution
		Debug|Any CPU = Debug|Any CPU
		Release|Any CPU = Release|Any CPU
	EndGlobalSection
	GlobalSection(ProjectConfigurationPlatforms) = postSolution
		{2D5D2F70-6BF2-4F46-8842-4D01717977AF}.Debug|Any CPU.ActiveCfg = Debug|Any CPU
		{2D5D2F70-6BF2-4F46-8842-4D01717977AF}.Debug|Any CPU.Build.0 = Debug|Any CPU
		{2D5D2F70-6BF2-4F46-8842-4D01717977AF}.Release|Any CPU.ActiveCfg = Release|Any CPU
		{2D5D2F70-6BF2-4F46-8842-4D01717977AF}.Release|Any CPU.Build.0 = Release|Any CPU
		{26DAC81C-8B9C-4F7F-A0BC-3454B18D7508}.Debug|Any CPU.ActiveCfg = Debug|Any CPU
		{26DAC81C-8B9C-4F7F-A0BC-3454B18D7508}.Debug|Any CPU.Build.0 = Debug|Any CPU
		{26DAC81C-8B9C-4F7F-A0BC-3454B18D7508}.Release|Any CPU.ActiveCfg = Release|Any CPU
		{26DAC81C-8B9C-4F7F-A0BC-3454B18D7508}.Release|Any CPU.Build.0 = Release|Any CPU
	EndGlobalSection
	GlobalSection(SolutionProperties) = preSolution
		HideSolutionNode = FALSE
	EndGlobalSection
EndGlobal
